
Microsoft Visual Studio Solution File, Format Version 12.00
# Visual Studio Version 17
VisualStudioVersion = 17.2.32526.322
MinimumVisualStudioVersion = 10.0.40219.1
Project("{FAE04EC0-301F-11D3-BF4B-00C04F79EFBC}") = "Projet_BDTN", "Projet_BDTN\Projet_BDTN.csproj", "{497D8749-A285-441A-8B1B-F6D6637CE2B7}"
EndProject
Global
	GlobalSection(SolutionConfigurationPlatforms) = preSolution
		Debug|Any CPU = Debug|Any CPU
		Release|Any CPU = Release|Any CPU
	EndGlobalSection
	GlobalSection(ProjectConfigurationPlatforms) = postSolution
		{497D8749-A285-441A-8B1B-F6D6637CE2B7}.Debug|Any CPU.ActiveCfg = Debug|Any CPU
		{497D8749-A285-441A-8B1B-F6D6637CE2B7}.Debug|Any CPU.Build.0 = Debug|Any CPU
		{497D8749-A285-441A-8B1B-F6D6637CE2B7}.Release|Any CPU.ActiveCfg = Release|Any CPU
		{497D8749-A285-441A-8B1B-F6D6637CE2B7}.Release|Any CPU.Build.0 = Release|Any CPU
	EndGlobalSection
	GlobalSection(SolutionProperties) = preSolution
		HideSolutionNode = FALSE
	EndGlobalSection
	GlobalSection(ExtensibilityGlobals) = postSolution
		SolutionGuid = {2F5D6AB3-E757-4AC8-AD68-03424BA40CE3}
	EndGlobalSection
EndGlobal
